// !$*UTF8*$!
{
	archiveVersion = 1;
	classes = {
	};
	objectVersion = 46;
	objects = {

/* Begin PBXBuildFile section */
		84962F991E97FEF700D9F767 /* AppDelegate.swift in Sources */ = {isa = PBXBuildFile; fileRef = 84962F981E97FEF700D9F767 /* AppDelegate.swift */; };
		84962F9E1E97FEF700D9F767 /* Main.storyboard in Resources */ = {isa = PBXBuildFile; fileRef = 84962F9C1E97FEF700D9F767 /* Main.storyboard */; };
		84962FA11E97FEF700D9F767 /* DeboraFood.xcdatamodeld in Sources */ = {isa = PBXBuildFile; fileRef = 84962F9F1E97FEF700D9F767 /* DeboraFood.xcdatamodeld */; };
		84962FA31E97FEF700D9F767 /* Assets.xcassets in Resources */ = {isa = PBXBuildFile; fileRef = 84962FA21E97FEF700D9F767 /* Assets.xcassets */; };
		84962FA61E97FEF700D9F767 /* LaunchScreen.storyboard in Resources */ = {isa = PBXBuildFile; fileRef = 84962FA41E97FEF700D9F767 /* LaunchScreen.storyboard */; };
		84962FB21E97FFD000D9F767 /* Lanche.swift in Sources */ = {isa = PBXBuildFile; fileRef = 84962FB11E97FFD000D9F767 /* Lanche.swift */; };
		84962FB41E98011200D9F767 /* Comanda.swift in Sources */ = {isa = PBXBuildFile; fileRef = 84962FB31E98011200D9F767 /* Comanda.swift */; };
		84962FB81E9804C700D9F767 /* CardapioTableViewController.swift in Sources */ = {isa = PBXBuildFile; fileRef = 84962FB71E9804C700D9F767 /* CardapioTableViewController.swift */; };
		84962FBB1E98087E00D9F767 /* LancheViewController.swift in Sources */ = {isa = PBXBuildFile; fileRef = 84962FBA1E98087E00D9F767 /* LancheViewController.swift */; };
		84962FBF1E9810C800D9F767 /* ComandaTableViewController.swift in Sources */ = {isa = PBXBuildFile; fileRef = 84962FBE1E9810C800D9F767 /* ComandaTableViewController.swift */; };
		CE5DEE771E98681800ACD004 /* HistoricoTableViewController.swift in Sources */ = {isa = PBXBuildFile; fileRef = CE5DEE761E98681800ACD004 /* HistoricoTableViewController.swift */; };
		CE5DEE791E98683900ACD004 /* Historico.swift in Sources */ = {isa = PBXBuildFile; fileRef = CE5DEE781E98683900ACD004 /* Historico.swift */; };
/* End PBXBuildFile section */

/* Begin PBXFileReference section */
		84962F951E97FEF700D9F767 /* DeboraFood.app */ = {isa = PBXFileReference; explicitFileType = wrapper.application; includeInIndex = 0; path = DeboraFood.app; sourceTree = BUILT_PRODUCTS_DIR; };
		84962F981E97FEF700D9F767 /* AppDelegate.swift */ = {isa = PBXFileReference; lastKnownFileType = sourcecode.swift; path = AppDelegate.swift; sourceTree = "<group>"; };
		84962F9D1E97FEF700D9F767 /* Base */ = {isa = PBXFileReference; lastKnownFileType = file.storyboard; name = Base; path = Base.lproj/Main.storyboard; sourceTree = "<group>"; };
		84962FA01E97FEF700D9F767 /* DeboraFood.xcdatamodel */ = {isa = PBXFileReference; lastKnownFileType = wrapper.xcdatamodel; path = DeboraFood.xcdatamodel; sourceTree = "<group>"; };
		84962FA21E97FEF700D9F767 /* Assets.xcassets */ = {isa = PBXFileReference; lastKnownFileType = folder.assetcatalog; path = Assets.xcassets; sourceTree = "<group>"; };
		84962FA51E97FEF700D9F767 /* Base */ = {isa = PBXFileReference; lastKnownFileType = file.storyboard; name = Base; path = Base.lproj/LaunchScreen.storyboard; sourceTree = "<group>"; };
		84962FA71E97FEF700D9F767 /* Info.plist */ = {isa = PBXFileReference; lastKnownFileType = text.plist.xml; path = Info.plist; sourceTree = "<group>"; };
		84962FB11E97FFD000D9F767 /* Lanche.swift */ = {isa = PBXFileReference; fileEncoding = 4; lastKnownFileType = sourcecode.swift; path = Lanche.swift; sourceTree = "<group>"; };
		84962FB31E98011200D9F767 /* Comanda.swift */ = {isa = PBXFileReference; fileEncoding = 4; lastKnownFileType = sourcecode.swift; path = Comanda.swift; sourceTree = "<group>"; };
		84962FB71E9804C700D9F767 /* CardapioTableViewController.swift */ = {isa = PBXFileReference; fileEncoding = 4; lastKnownFileType = sourcecode.swift; path = CardapioTableViewController.swift; sourceTree = "<group>"; };
		84962FBA1E98087E00D9F767 /* LancheViewController.swift */ = {isa = PBXFileReference; fileEncoding = 4; lastKnownFileType = sourcecode.swift; path = LancheViewController.swift; sourceTree = "<group>"; };
		84962FBE1E9810C800D9F767 /* ComandaTableViewController.swift */ = {isa = PBXFileReference; fileEncoding = 4; lastKnownFileType = sourcecode.swift; path = ComandaTableViewController.swift; sourceTree = "<group>"; };
		CE5DEE761E98681800ACD004 /* HistoricoTableViewController.swift */ = {isa = PBXFileReference; fileEncoding = 4; lastKnownFileType = sourcecode.swift; path = HistoricoTableViewController.swift; sourceTree = "<group>"; };
		CE5DEE781E98683900ACD004 /* Historico.swift */ = {isa = PBXFileReference; fileEncoding = 4; lastKnownFileType = sourcecode.swift; path = Historico.swift; sourceTree = "<group>"; };
/* End PBXFileReference section */

/* Begin PBXFrameworksBuildPhase section */
		84962F921E97FEF700D9F767 /* Frameworks */ = {
			isa = PBXFrameworksBuildPhase;
			buildActionMask = 2147483647;
			files = (
			);
			runOnlyForDeploymentPostprocessing = 0;
		};
/* End PBXFrameworksBuildPhase section */

/* Begin PBXGroup section */
		84962F8C1E97FEF700D9F767 = {
			isa = PBXGroup;
			children = (
				84962F971E97FEF700D9F767 /* DeboraFood */,
				84962F961E97FEF700D9F767 /* Products */,
			);
			sourceTree = "<group>";
		};
		84962F961E97FEF700D9F767 /* Products */ = {
			isa = PBXGroup;
			children = (
				84962F951E97FEF700D9F767 /* DeboraFood.app */,
			);
			name = Products;
			sourceTree = "<group>";
		};
		84962F971E97FEF700D9F767 /* DeboraFood */ = {
			isa = PBXGroup;
			children = (
				84962FB01E97FF8200D9F767 /* config */,
				84962FAF1E97FF2500D9F767 /* view */,
				84962FAE1E97FF1E00D9F767 /* model */,
				84962FAD1E97FF1900D9F767 /* controller */,
				84962FA21E97FEF700D9F767 /* Assets.xcassets */,
				84962FA41E97FEF700D9F767 /* LaunchScreen.storyboard */,
				84962FA71E97FEF700D9F767 /* Info.plist */,
				84962F9F1E97FEF700D9F767 /* DeboraFood.xcdatamodeld */,
			);
			path = DeboraFood;
			sourceTree = "<group>";
		};
		84962FAD1E97FF1900D9F767 /* controller */ = {
			isa = PBXGroup;
			children = (
				84962FB71E9804C700D9F767 /* CardapioTableViewController.swift */,
				84962FBA1E98087E00D9F767 /* LancheViewController.swift */,
				84962FBE1E9810C800D9F767 /* ComandaTableViewController.swift */,
				CE5DEE761E98681800ACD004 /* HistoricoTableViewController.swift */,
			);
			name = controller;
			sourceTree = "<group>";
		};
		84962FAE1E97FF1E00D9F767 /* model */ = {
			isa = PBXGroup;
			children = (
				84962FB11E97FFD000D9F767 /* Lanche.swift */,
				84962FB31E98011200D9F767 /* Comanda.swift */,
				CE5DEE781E98683900ACD004 /* Historico.swift */,
			);
			name = model;
			sourceTree = "<group>";
		};
		84962FAF1E97FF2500D9F767 /* view */ = {
			isa = PBXGroup;
			children = (
				84962F9C1E97FEF700D9F767 /* Main.storyboard */,
			);
			name = view;
			sourceTree = "<group>";
		};
		84962FB01E97FF8200D9F767 /* config */ = {
			isa = PBXGroup;
			children = (
				84962F981E97FEF700D9F767 /* AppDelegate.swift */,
			);
			name = config;
			sourceTree = "<group>";
		};
/* End PBXGroup section */

/* Begin PBXNativeTarget section */
		84962F941E97FEF700D9F767 /* DeboraFood */ = {
			isa = PBXNativeTarget;
			buildConfigurationList = 84962FAA1E97FEF700D9F767 /* Build configuration list for PBXNativeTarget "DeboraFood" */;
			buildPhases = (
				84962F911E97FEF700D9F767 /* Sources */,
				84962F921E97FEF700D9F767 /* Frameworks */,
				84962F931E97FEF700D9F767 /* Resources */,
			);
			buildRules = (
			);
			dependencies = (
			);
			name = DeboraFood;
			productName = DeboraFood;
			productReference = 84962F951E97FEF700D9F767 /* DeboraFood.app */;
			productType = "com.apple.product-type.application";
		};
/* End PBXNativeTarget section */

/* Begin PBXProject section */
		84962F8D1E97FEF700D9F767 /* Project object */ = {
			isa = PBXProject;
			attributes = {
				LastSwiftUpdateCheck = 0820;
				LastUpgradeCheck = 0820;
				ORGANIZATIONNAME = Joffily;
				TargetAttributes = {
					84962F941E97FEF700D9F767 = {
						CreatedOnToolsVersion = 8.2.1;
						ProvisioningStyle = Automatic;
					};
				};
			};
			buildConfigurationList = 84962F901E97FEF700D9F767 /* Build configuration list for PBXProject "DeboraFood" */;
			compatibilityVersion = "Xcode 3.2";
			developmentRegion = English;
			hasScannedForEncodings = 0;
			knownRegions = (
				en,
				Base,
			);
			mainGroup = 84962F8C1E97FEF700D9F767;
			productRefGroup = 84962F961E97FEF700D9F767 /* Products */;
			projectDirPath = "";
			projectRoot = "";
			targets = (
				84962F941E97FEF700D9F767 /* DeboraFood */,
			);
		};
/* End PBXProject section */

/* Begin PBXResourcesBuildPhase section */
		84962F931E97FEF700D9F767 /* Resources */ = {
			isa = PBXResourcesBuildPhase;
			buildActionMask = 2147483647;
			files = (
				84962FA61E97FEF700D9F767 /* LaunchScreen.storyboard in Resources */,
				84962FA31E97FEF700D9F767 /* Assets.xcassets in Resources */,
				84962F9E1E97FEF700D9F767 /* Main.storyboard in Resources */,
			);
			runOnlyForDeploymentPostprocessing = 0;
		};
/* End PBXResourcesBuildPhase section */

/* Begin PBXSourcesBuildPhase section */
		84962F911E97FEF700D9F767 /* Sources */ = {
			isa = PBXSourcesBuildPhase;
			buildActionMask = 2147483647;
			files = (
				CE5DEE771E98681800ACD004 /* HistoricoTableViewController.swift in Sources */,
				84962FB81E9804C700D9F767 /* CardapioTableViewController.swift in Sources */,
				84962F991E97FEF700D9F767 /* AppDelegate.swift in Sources */,
				84962FB21E97FFD000D9F767 /* Lanche.swift in Sources */,
				84962FA11E97FEF700D9F767 /* DeboraFood.xcdatamodeld in Sources */,
				84962FBB1E98087E00D9F767 /* LancheViewController.swift in Sources */,
				CE5DEE791E98683900ACD004 /* Historico.swift in Sources */,
				84962FBF1E9810C800D9F767 /* ComandaTableViewController.swift in Sources */,
				84962FB41E98011200D9F767 /* Comanda.swift in Sources */,
			);
			runOnlyForDeploymentPostprocessing = 0;
		};
/* End PBXSourcesBuildPhase section */

/* Begin PBXVariantGroup section */
		84962F9C1E97FEF700D9F767 /* Main.storyboard */ = {
			isa = PBXVariantGroup;
			children = (
				84962F9D1E97FEF700D9F767 /* Base */,
			);
			name = Main.storyboard;
			sourceTree = "<group>";
		};
		84962FA41E97FEF700D9F767 /* LaunchScreen.storyboard */ = {
			isa = PBXVariantGroup;
			children = (
				84962FA51E97FEF700D9F767 /* Base */,
			);
			name = LaunchScreen.storyboard;
			sourceTree = "<group>";
		};
/* End PBXVariantGroup section */

/* Begin XCBuildConfiguration section */
		84962FA81E97FEF700D9F767 /* Debug */ = {
			isa = XCBuildConfiguration;
			buildSettings = {
				ALWAYS_SEARCH_USER_PATHS = NO;
				CLANG_ANALYZER_NONNULL = YES;
				CLANG_CXX_LANGUAGE_STANDARD = "gnu++0x";
				CLANG_CXX_LIBRARY = "libc++";
				CLANG_ENABLE_MODULES = YES;
				CLANG_ENABLE_OBJC_ARC = YES;
				CLANG_WARN_BOOL_CONVERSION = YES;
				CLANG_WARN_CONSTANT_CONVERSION = YES;
				CLANG_WARN_DIRECT_OBJC_ISA_USAGE = YES_ERROR;
				CLANG_WARN_DOCUMENTATION_COMMENTS = YES;
				CLANG_WARN_EMPTY_BODY = YES;
				CLANG_WARN_ENUM_CONVERSION = YES;
				CLANG_WARN_INFINITE_RECURSION = YES;
				CLANG_WARN_INT_CONVERSION = YES;
				CLANG_WARN_OBJC_ROOT_CLASS = YES_ERROR;
				CLANG_WARN_SUSPICIOUS_MOVE = YES;
				CLANG_WARN_UNREACHABLE_CODE = YES;
				CLANG_WARN__DUPLICATE_METHOD_MATCH = YES;
				"CODE_SIGN_IDENTITY[sdk=iphoneos*]" = "iPhone Developer";
				COPY_PHASE_STRIP = NO;
				DEBUG_INFORMATION_FORMAT = dwarf;
				ENABLE_STRICT_OBJC_MSGSEND = YES;
				ENABLE_TESTABILITY = YES;
				GCC_C_LANGUAGE_STANDARD = gnu99;
				GCC_DYNAMIC_NO_PIC = NO;
				GCC_NO_COMMON_BLOCKS = YES;
				GCC_OPTIMIZATION_LEVEL = 0;
				GCC_PREPROCESSOR_DEFINITIONS = (
					"DEBUG=1",
					"$(inherited)",
				);
				GCC_WARN_64_TO_32_BIT_CONVERSION = YES;
				GCC_WARN_ABOUT_RETURN_TYPE = YES_ERROR;
				GCC_WARN_UNDECLARED_SELECTOR = YES;
				GCC_WARN_UNINITIALIZED_AUTOS = YES_AGGRESSIVE;
				GCC_WARN_UNUSED_FUNCTION = YES;
				GCC_WARN_UNUSED_VARIABLE = YES;
				IPHONEOS_DEPLOYMENT_TARGET = 10.2;
				MTL_ENABLE_DEBUG_INFO = YES;
				ONLY_ACTIVE_ARCH = YES;
				SDKROOT = iphoneos;
				SWIFT_ACTIVE_COMPILATION_CONDITIONS = DEBUG;
				SWIFT_OPTIMIZATION_LEVEL = "-Onone";
			};
			name = Debug;
		};
		84962FA91E97FEF700D9F767 /* Release */ = {
			isa = XCBuildConfiguration;
			buildSettings = {
				ALWAYS_SEARCH_USER_PATHS = NO;
				CLANG_ANALYZER_NONNULL = YES;
				CLANG_CXX_LANGUAGE_STANDARD = "gnu++0x";
				CLANG_CXX_LIBRARY = "libc++";
				CLANG_ENABLE_MODULES = YES;
				CLANG_ENABLE_OBJC_ARC = YES;
				CLANG_WARN_BOOL_CONVERSION = YES;
				CLANG_WARN_CONSTANT_CONVERSION = YES;
				CLANG_WARN_DIRECT_OBJC_ISA_USAGE = YES_ERROR;
				CLANG_WARN_DOCUMENTATION_COMMENTS = YES;
				CLANG_WARN_EMPTY_BODY = YES;
				CLANG_WARN_ENUM_CONVERSION = YES;
				CLANG_WARN_INFINITE_RECURSION = YES;
				CLANG_WARN_INT_CONVERSION = YES;
				CLANG_WARN_OBJC_ROOT_CLASS = YES_ERROR;
				CLANG_WARN_SUSPICIOUS_MOVE = YES;
				CLANG_WARN_UNREACHABLE_CODE = YES;
				CLANG_WARN__DUPLICATE_METHOD_MATCH = YES;
				"CODE_SIGN_IDENTITY[sdk=iphoneos*]" = "iPhone Developer";
				COPY_PHASE_STRIP = NO;
				DEBUG_INFORMATION_FORMAT = "dwarf-with-dsym";
				ENABLE_NS_ASSERTIONS = NO;
				ENABLE_STRICT_OBJC_MSGSEND = YES;
				GCC_C_LANGUAGE_STANDARD = gnu99;
				GCC_NO_COMMON_BLOCKS = YES;
				GCC_WARN_64_TO_32_BIT_CONVERSION = YES;
				GCC_WARN_ABOUT_RETURN_TYPE = YES_ERROR;
				GCC_WARN_UNDECLARED_SELECTOR = YES;
				GCC_WARN_UNINITIALIZED_AUTOS = YES_AGGRESSIVE;
				GCC_WARN_UNUSED_FUNCTION = YES;
				GCC_WARN_UNUSED_VARIABLE = YES;
				IPHONEOS_DEPLOYMENT_TARGET = 10.2;
				MTL_ENABLE_DEBUG_INFO = NO;
				SDKROOT = iphoneos;
				SWIFT_OPTIMIZATION_LEVEL = "-Owholemodule";
				VALIDATE_PRODUCT = YES;
			};
			name = Release;
		};
		84962FAB1E97FEF700D9F767 /* Debug */ = {
			isa = XCBuildConfiguration;
			buildSettings = {
				ASSETCATALOG_COMPILER_APPICON_NAME = AppIcon;
				INFOPLIST_FILE = DeboraFood/Info.plist;
				LD_RUNPATH_SEARCH_PATHS = "$(inherited) @executable_path/Frameworks";
				PRODUCT_BUNDLE_IDENTIFIER = br.edu.ifpb.pdm.DeboraFood;
				PRODUCT_NAME = "$(TARGET_NAME)";
				SWIFT_VERSION = 3.0;
			};
			name = Debug;
		};
		84962FAC1E97FEF700D9F767 /* Release */ = {
			isa = XCBuildConfiguration;
			buildSettings = {
				ASSETCATALOG_COMPILER_APPICON_NAME = AppIcon;
				INFOPLIST_FILE = DeboraFood/Info.plist;
				LD_RUNPATH_SEARCH_PATHS = "$(inherited) @executable_path/Frameworks";
				PRODUCT_BUNDLE_IDENTIFIER = br.edu.ifpb.pdm.DeboraFood;
				PRODUCT_NAME = "$(TARGET_NAME)";
				SWIFT_VERSION = 3.0;
			};
			name = Release;
		};
/* End XCBuildConfiguration section */

/* Begin XCConfigurationList section */
		84962F901E97FEF700D9F767 /* Build configuration list for PBXProject "DeboraFood" */ = {
			isa = XCConfigurationList;
			buildConfigurations = (
				84962FA81E97FEF700D9F767 /* Debug */,
				84962FA91E97FEF700D9F767 /* Release */,
			);
			defaultConfigurationIsVisible = 0;
			defaultConfigurationName = Release;
		};
		84962FAA1E97FEF700D9F767 /* Build configuration list for PBXNativeTarget "DeboraFood" */ = {
			isa = XCConfigurationList;
			buildConfigurations = (
				84962FAB1E97FEF700D9F767 /* Debug */,
				84962FAC1E97FEF700D9F767 /* Release */,
			);
			defaultConfigurationIsVisible = 0;
			defaultConfigurationName = Release;
		};
/* End XCConfigurationList section */

/* Begin XCVersionGroup section */
		84962F9F1E97FEF700D9F767 /* DeboraFood.xcdatamodeld */ = {
			isa = XCVersionGroup;
			children = (
				84962FA01E97FEF700D9F767 /* DeboraFood.xcdatamodel */,
			);
			currentVersion = 84962FA01E97FEF700D9F767 /* DeboraFood.xcdatamodel */;
			path = DeboraFood.xcdatamodeld;
			sourceTree = "<group>";
			versionGroupType = wrapper.xcdatamodel;
		};
/* End XCVersionGroup section */
	};
	rootObject = 84962F8D1E97FEF700D9F767 /* Project object */;
}
